
Microsoft Visual Studio Solution File, Format Version 12.00
# Visual Studio 15
Project("{FAE04EC0-301F-11D3-BF4B-00C04F79EFBC}") = "Assembly-CSharp", "Assembly-CSharp.csproj", "{99A09569-5E3C-02C0-7159-37B912CE0583}"
EndProject
Project("{FAE04EC0-301F-11D3-BF4B-00C04F79EFBC}") = "ControllerSample", "ControllerSample.csproj", "{16129068-B113-D11B-4D49-4A4CF4D60212}"
EndProject
Project("{FAE04EC0-301F-11D3-BF4B-00C04F79EFBC}") = "Unity.XR.Interaction.Toolkit.Samples.StarterAssets", "Unity.XR.Interaction.Toolkit.Samples.StarterAssets.csproj", "{088D5F0E-A131-2784-4CBC-F665B3B12C84}"
EndProject
Project("{FAE04EC0-301F-11D3-BF4B-00C04F79EFBC}") = "Unity.XR.Management.Samples", "Unity.XR.Management.Samples.csproj", "{DA184387-BD81-231B-13BE-B6D38B36B9E7}"
EndProject
Project("{FAE04EC0-301F-11D3-BF4B-00C04F79EFBC}") = "Unity.XR.Management.Samples.Editor", "Unity.XR.Management.Samples.Editor.csproj", "{2E6B3B6C-B108-7C13-734D-EDCB2D1020B6}"
EndProject
Project("{FAE04EC0-301F-11D3-BF4B-00C04F79EFBC}") = "Assembly-CSharp-Editor", "Assembly-CSharp-Editor.csproj", "{3D1C71D3-FC4C-878E-06D5-751CA0DF10D4}"
EndProject
Global
	GlobalSection(SolutionConfigurationPlatforms) = preSolution
		Debug|Any CPU = Debug|Any CPU
		Release|Any CPU = Release|Any CPU
	EndGlobalSection
	GlobalSection(ProjectConfigurationPlatforms) = postSolution
		{99A09569-5E3C-02C0-7159-37B912CE0583}.Debug|Any CPU.ActiveCfg = Debug|Any CPU
		{99A09569-5E3C-02C0-7159-37B912CE0583}.Debug|Any CPU.Build.0 = Debug|Any CPU
		{99A09569-5E3C-02C0-7159-37B912CE0583}.Release|Any CPU.ActiveCfg = Release|Any CPU
		{99A09569-5E3C-02C0-7159-37B912CE0583}.Release|Any CPU.Build.0 = Release|Any CPU
		{16129068-B113-D11B-4D49-4A4CF4D60212}.Debug|Any CPU.ActiveCfg = Debug|Any CPU
		{16129068-B113-D11B-4D49-4A4CF4D60212}.Debug|Any CPU.Build.0 = Debug|Any CPU
		{16129068-B113-D11B-4D49-4A4CF4D60212}.Release|Any CPU.ActiveCfg = Release|Any CPU
		{16129068-B113-D11B-4D49-4A4CF4D60212}.Release|Any CPU.Build.0 = Release|Any CPU
		{088D5F0E-A131-2784-4CBC-F665B3B12C84}.Debug|Any CPU.ActiveCfg = Debug|Any CPU
		{088D5F0E-A131-2784-4CBC-F665B3B12C84}.Debug|Any CPU.Build.0 = Debug|Any CPU
		{088D5F0E-A131-2784-4CBC-F665B3B12C84}.Release|Any CPU.ActiveCfg = Release|Any CPU
		{088D5F0E-A131-2784-4CBC-F665B3B12C84}.Release|Any CPU.Build.0 = Release|Any CPU
		{DA184387-BD81-231B-13BE-B6D38B36B9E7}.Debug|Any CPU.ActiveCfg = Debug|Any CPU
		{DA184387-BD81-231B-13BE-B6D38B36B9E7}.Debug|Any CPU.Build.0 = Debug|Any CPU
		{DA184387-BD81-231B-13BE-B6D38B36B9E7}.Release|Any CPU.ActiveCfg = Release|Any CPU
		{DA184387-BD81-231B-13BE-B6D38B36B9E7}.Release|Any CPU.Build.0 = Release|Any CPU
		{2E6B3B6C-B108-7C13-734D-EDCB2D1020B6}.Debug|Any CPU.ActiveCfg = Debug|Any CPU
		{2E6B3B6C-B108-7C13-734D-EDCB2D1020B6}.Debug|Any CPU.Build.0 = Debug|Any CPU
		{2E6B3B6C-B108-7C13-734D-EDCB2D1020B6}.Release|Any CPU.ActiveCfg = Release|Any CPU
		{2E6B3B6C-B108-7C13-734D-EDCB2D1020B6}.Release|Any CPU.Build.0 = Release|Any CPU
		{3D1C71D3-FC4C-878E-06D5-751CA0DF10D4}.Debug|Any CPU.ActiveCfg = Debug|Any CPU
		{3D1C71D3-FC4C-878E-06D5-751CA0DF10D4}.Debug|Any CPU.Build.0 = Debug|Any CPU
		{3D1C71D3-FC4C-878E-06D5-751CA0DF10D4}.Release|Any CPU.ActiveCfg = Release|Any CPU
		{3D1C71D3-FC4C-878E-06D5-751CA0DF10D4}.Release|Any CPU.Build.0 = Release|Any CPU
	EndGlobalSection
	GlobalSection(SolutionProperties) = preSolution
		HideSolutionNode = FALSE
	EndGlobalSection
EndGlobal
